Microsoft Visual Studio Solution File, Format Version 12.00
# Visual Studio Version 16
VisualStudioVersion = 16.0.30517.126
MinimumVisualStudioVersion = 10.0.40219.1
Project("{9A19103F-16F7-4668-BE54-9A1E7A4F7556}") = "PaymentProcessing.BusinessRules", "PaymentProcessing.BusinessRules\PaymentProcessing.BusinessRules.csproj", "{EF238673-DE47-4C9C-9D94-01B29081C983}"
EndProject
Project("{9A19103F-16F7-4668-BE54-9A1E7A4F7556}") = "PaymentProcessing.Client", "PaymentProcessing.Client\PaymentProcessing.Client.csproj", "{4B9AB356-5652-4D39-9247-8099753A5DCD}"
EndProject
Project("{FAE04EC0-301F-11D3-BF4B-00C04F79EFBC}") = "PaymentProcessing.BusinessRules.Tests", "PaymentProcessing.BusinessRules.Tests\PaymentProcessing.BusinessRules.Tests.csproj", "{13E7563E-6237-449F-B36D-5EFF15A39EB0}"
EndProject
Global
	GlobalSection(SolutionConfigurationPlatforms) = preSolution
		Debug|Any CPU = Debug|Any CPU
		Release|Any CPU = Release|Any CPU
	EndGlobalSection
	GlobalSection(ProjectConfigurationPlatforms) = postSolution
		{EF238673-DE47-4C9C-9D94-01B29081C983}.Debug|Any CPU.ActiveCfg = Debug|Any CPU
		{EF238673-DE47-4C9C-9D94-01B29081C983}.Debug|Any CPU.Build.0 = Debug|Any CPU
		{EF238673-DE47-4C9C-9D94-01B29081C983}.Release|Any CPU.ActiveCfg = Release|Any CPU
		{EF238673-DE47-4C9C-9D94-01B29081C983}.Release|Any CPU.Build.0 = Release|Any CPU
		{4B9AB356-5652-4D39-9247-8099753A5DCD}.Debug|Any CPU.ActiveCfg = Debug|Any CPU
		{4B9AB356-5652-4D39-9247-8099753A5DCD}.Debug|Any CPU.Build.0 = Debug|Any CPU
		{4B9AB356-5652-4D39-9247-8099753A5DCD}.Release|Any CPU.ActiveCfg = Release|Any CPU
		{4B9AB356-5652-4D39-9247-8099753A5DCD}.Release|Any CPU.Build.0 = Release|Any CPU
		{13E7563E-6237-449F-B36D-5EFF15A39EB0}.Debug|Any CPU.ActiveCfg = Debug|Any CPU
		{13E7563E-6237-449F-B36D-5EFF15A39EB0}.Debug|Any CPU.Build.0 = Debug|Any CPU
		{13E7563E-6237-449F-B36D-5EFF15A39EB0}.Release|Any CPU.ActiveCfg = Release|Any CPU
		{13E7563E-6237-449F-B36D-5EFF15A39EB0}.Release|Any CPU.Build.0 = Release|Any CPU
	EndGlobalSection
	GlobalSection(SolutionProperties) = preSolution
		HideSolutionNode = FALSE
	EndGlobalSection
	GlobalSection(ExtensibilityGlobals) = postSolution
		SolutionGuid = {870D87E1-5D8A-45BB-A125-8ED9EC0A02F1}
	EndGlobalSection
EndGlobal
